Microsoft Visual Studio Solution File, Format Version 12.00
# Visual Studio 2012
Project("{FAE04EC0-301F-11D3-BF4B-00C04F79EFBC}") = "GodotBlenderRPGFramework", "GodotBlenderRPGFramework.csproj", "{BA703B81-37B6-476E-81FD-6875156DA90D}"
EndProject
Global
	GlobalSection(SolutionConfigurationPlatforms) = preSolution
	Debug|Any CPU = Debug|Any CPU
	ExportDebug|Any CPU = ExportDebug|Any CPU
	ExportRelease|Any CPU = ExportRelease|Any CPU
	EndGlobalSection
	GlobalSection(ProjectConfigurationPlatforms) = postSolution
		{BA703B81-37B6-476E-81FD-6875156DA90D}.Debug|Any CPU.ActiveCfg = Debug|Any CPU
		{BA703B81-37B6-476E-81FD-6875156DA90D}.Debug|Any CPU.Build.0 = Debug|Any CPU
		{BA703B81-37B6-476E-81FD-6875156DA90D}.ExportDebug|Any CPU.ActiveCfg = ExportDebug|Any CPU
		{BA703B81-37B6-476E-81FD-6875156DA90D}.ExportDebug|Any CPU.Build.0 = ExportDebug|Any CPU
		{BA703B81-37B6-476E-81FD-6875156DA90D}.ExportRelease|Any CPU.ActiveCfg = ExportRelease|Any CPU
		{BA703B81-37B6-476E-81FD-6875156DA90D}.ExportRelease|Any CPU.Build.0 = ExportRelease|Any CPU
	EndGlobalSection
EndGlobal
